
Microsoft Visual Studio Solution File, Format Version 12.00
# Visual Studio Version 16
VisualStudioVersion = 16.0.33927.289
MinimumVisualStudioVersion = 10.0.40219.1
Project("{2150E333-8FDC-42A3-9474-1A3956D46DE8}") = "Task0", "Task0", "{121E631E-96B9-4344-AB9A-BBC5E3B3CA69}"
EndProject
Project("{FAE04EC0-301F-11D3-BF4B-00C04F79EFBC}") = "Tyuiu.SafronovVV.Sprint5.Task0.V22", "Tyuiu.SafronovVV.Sprint5.Task0.V22\Tyuiu.SafronovVV.Sprint5.Task0.V22.csproj", "{6D74A670-6686-4CA3-A533-CA72E24C961F}"
EndProject
Project("{FAE04EC0-301F-11D3-BF4B-00C04F79EFBC}") = "Tyuiu.SafronovVV.Sprint5.Task0.V22.Lib", "Tyuiu.SafronovVV.Sprint5.Task0.V22.Lib\Tyuiu.SafronovVV.Sprint5.Task0.V22.Lib.csproj", "{5DC3CD98-63C2-4649-98A7-DA40FCA3DBD9}"
EndProject
Project("{FAE04EC0-301F-11D3-BF4B-00C04F79EFBC}") = "Tyuiu.SafronovVV.Sprint5.Task0.V22.Test", "Tyuiu.SafronovVV.Sprint5.Task0.V22.Test\Tyuiu.SafronovVV.Sprint5.Task0.V22.Test.csproj", "{699BAD0E-4E41-4149-8CFC-559F7409C1E4}"
EndProject
Project("{2150E333-8FDC-42A3-9474-1A3956D46DE8}") = "Task1", "Task1", "{A6ED5F47-FA9B-4DE3-B0E3-CC053E1497B6}"
EndProject
Project("{FAE04EC0-301F-11D3-BF4B-00C04F79EFBC}") = "Tyuiu.SafronovVV.Sprint5.Task1.V6", "Tyuiu.SafronovVV.Sprint5.Task1.V6\Tyuiu.SafronovVV.Sprint5.Task1.V6.csproj", "{1D6034F1-CD5D-4E2B-AB7B-B33469222DA6}"
EndProject
Project("{FAE04EC0-301F-11D3-BF4B-00C04F79EFBC}") = "Tyuiu.SafronovVV.Sprint5.Task1.V6.Lib", "Tyuiu.SafronovVV.Sprint5.Task1.V6.Lib\Tyuiu.SafronovVV.Sprint5.Task1.V6.Lib.csproj", "{9FC41377-27B4-4CF7-87B5-90EB1EEA5F78}"
EndProject
Project("{FAE04EC0-301F-11D3-BF4B-00C04F79EFBC}") = "Tyuiu.SafronovVV.Sprint5.Task1.V6.Test", "Tyuiu.SafronovVV.Sprint5.Task1.V6.Test\Tyuiu.SafronovVV.Sprint5.Task1.V6.Test.csproj", "{9E12966A-7922-4FBB-BBB2-2A6E59368035}"
EndProject
Project("{2150E333-8FDC-42A3-9474-1A3956D46DE8}") = "Task2", "Task2", "{42FE9C1C-5B1C-4513-9505-0AFB29B8BA05}"
EndProject
Project("{FAE04EC0-301F-11D3-BF4B-00C04F79EFBC}") = "Tyuiu.SafronovVV.Sprint5.Task2.V12", "Tyuiu.SafronovVV.Sprint5.Task2.V12\Tyuiu.SafronovVV.Sprint5.Task2.V12.csproj", "{AD434196-65C1-4176-B6E0-FDA4F497A543}"
EndProject
Project("{FAE04EC0-301F-11D3-BF4B-00C04F79EFBC}") = "Tyuiu.SafronovVV.Sprint5.Task2.V12.Lib", "Tyuiu.SafronovVV.Sprint5.Task2.V12.Lib\Tyuiu.SafronovVV.Sprint5.Task2.V12.Lib.csproj", "{DEDCDA40-D20C-474F-BA99-AC5A28301457}"
EndProject
Project("{FAE04EC0-301F-11D3-BF4B-00C04F79EFBC}") = "Tyuiu.SafronovVV.Sprint5.Task2.V12.Test", "Tyuiu.SafronovVV.Sprint5.Task2.V12.Test\Tyuiu.SafronovVV.Sprint5.Task2.V12.Test.csproj", "{2489AD8A-0482-4AD6-9D88-59ED14F26848}"
EndProject
Project("{2150E333-8FDC-42A3-9474-1A3956D46DE8}") = "Task3", "Task3", "{010C8B49-8B5C-4A23-9AA1-1D70D23395FF}"
EndProject
Project("{FAE04EC0-301F-11D3-BF4B-00C04F79EFBC}") = "Tyuiu.SafronovVV.Sprint5.Task3.V23", "Tyuiu.SafronovVV.Sprint5.Task3.V23\Tyuiu.SafronovVV.Sprint5.Task3.V23.csproj", "{53C77652-F69B-4041-9604-8EC847E0DD39}"
EndProject
Project("{FAE04EC0-301F-11D3-BF4B-00C04F79EFBC}") = "Tyuiu.SafronovVV.Sprint5.Task3.V23.Lib", "Tyuiu.SafronovVV.Sprint5.Task3.V23.Lib\Tyuiu.SafronovVV.Sprint5.Task3.V23.Lib.csproj", "{7EFC9352-0C66-434E-B8C2-C869B658F630}"
EndProject
Project("{FAE04EC0-301F-11D3-BF4B-00C04F79EFBC}") = "Tyuiu.SafronovVV.Sprint5.Task3.V23.Test", "Tyuiu.SafronovVV.Sprint5.Task3.V23.Test\Tyuiu.SafronovVV.Sprint5.Task3.V23.Test.csproj", "{B87781D0-AA7F-4600-9042-F199C4D44910}"
EndProject
Project("{2150E333-8FDC-42A3-9474-1A3956D46DE8}") = "Task4", "Task4", "{119E22BF-C4E3-4002-AA6C-1D4F702E9ABA}"
EndProject
Project("{FAE04EC0-301F-11D3-BF4B-00C04F79EFBC}") = "Tyuiu.SafronovVV.Sprint5.Task4.V8", "Tyuiu.SafronovVV.Sprint5.Task4.V8\Tyuiu.SafronovVV.Sprint5.Task4.V8.csproj", "{363BE3D7-405A-4ED3-B588-9792A027558F}"
EndProject
Project("{FAE04EC0-301F-11D3-BF4B-00C04F79EFBC}") = "Tyuiu.SafronovVV.Sprint5.Task4.V8.Test", "Tyuiu.SafronovVV.Sprint5.Task4.V8.Test\Tyuiu.SafronovVV.Sprint5.Task4.V8.Test.csproj", "{1610EDA3-0671-4839-B40B-7470D3EC9FB4}"
EndProject
Project("{FAE04EC0-301F-11D3-BF4B-00C04F79EFBC}") = "Tyuiu.SafronovVV.Sprint5.Task4.V8.Lib", "Tyuiu.SafronovVV.Sprint5.Task4.V8.Lib\Tyuiu.SafronovVV.Sprint5.Task4.V8.Lib.csproj", "{F6BA3236-DC63-40A8-A6AA-CB8D875169F8}"
EndProject
Global
	GlobalSection(SolutionConfigurationPlatforms) = preSolution
		Debug|Any CPU = Debug|Any CPU
		Release|Any CPU = Release|Any CPU
	EndGlobalSection
	GlobalSection(ProjectConfigurationPlatforms) = postSolution
		{6D74A670-6686-4CA3-A533-CA72E24C961F}.Debug|Any CPU.ActiveCfg = Debug|Any CPU
		{6D74A670-6686-4CA3-A533-CA72E24C961F}.Debug|Any CPU.Build.0 = Debug|Any CPU
		{6D74A670-6686-4CA3-A533-CA72E24C961F}.Release|Any CPU.ActiveCfg = Release|Any CPU
		{6D74A670-6686-4CA3-A533-CA72E24C961F}.Release|Any CPU.Build.0 = Release|Any CPU
		{5DC3CD98-63C2-4649-98A7-DA40FCA3DBD9}.Debug|Any CPU.ActiveCfg = Debug|Any CPU
		{5DC3CD98-63C2-4649-98A7-DA40FCA3DBD9}.Debug|Any CPU.Build.0 = Debug|Any CPU
		{5DC3CD98-63C2-4649-98A7-DA40FCA3DBD9}.Release|Any CPU.ActiveCfg = Release|Any CPU
		{5DC3CD98-63C2-4649-98A7-DA40FCA3DBD9}.Release|Any CPU.Build.0 = Release|Any CPU
		{699BAD0E-4E41-4149-8CFC-559F7409C1E4}.Debug|Any CPU.ActiveCfg = Debug|Any CPU
		{699BAD0E-4E41-4149-8CFC-559F7409C1E4}.Debug|Any CPU.Build.0 = Debug|Any CPU
		{699BAD0E-4E41-4149-8CFC-559F7409C1E4}.Release|Any CPU.ActiveCfg = Release|Any CPU
		{699BAD0E-4E41-4149-8CFC-559F7409C1E4}.Release|Any CPU.Build.0 = Release|Any CPU
		{1D6034F1-CD5D-4E2B-AB7B-B33469222DA6}.Debug|Any CPU.ActiveCfg = Debug|Any CPU
		{1D6034F1-CD5D-4E2B-AB7B-B33469222DA6}.Debug|Any CPU.Build.0 = Debug|Any CPU
		{1D6034F1-CD5D-4E2B-AB7B-B33469222DA6}.Release|Any CPU.ActiveCfg = Release|Any CPU
		{1D6034F1-CD5D-4E2B-AB7B-B33469222DA6}.Release|Any CPU.Build.0 = Release|Any CPU
		{9FC41377-27B4-4CF7-87B5-90EB1EEA5F78}.Debug|Any CPU.ActiveCfg = Debug|Any CPU
		{9FC41377-27B4-4CF7-87B5-90EB1EEA5F78}.Debug|Any CPU.Build.0 = Debug|Any CPU
		{9FC41377-27B4-4CF7-87B5-90EB1EEA5F78}.Release|Any CPU.ActiveCfg = Release|Any CPU
		{9FC41377-27B4-4CF7-87B5-90EB1EEA5F78}.Release|Any CPU.Build.0 = Release|Any CPU
		{9E12966A-7922-4FBB-BBB2-2A6E59368035}.Debug|Any CPU.ActiveCfg = Debug|Any CPU
		{9E12966A-7922-4FBB-BBB2-2A6E59368035}.Debug|Any CPU.Build.0 = Debug|Any CPU
		{9E12966A-7922-4FBB-BBB2-2A6E59368035}.Release|Any CPU.ActiveCfg = Release|Any CPU
		{9E12966A-7922-4FBB-BBB2-2A6E59368035}.Release|Any CPU.Build.0 = Release|Any CPU
		{AD434196-65C1-4176-B6E0-FDA4F497A543}.Debug|Any CPU.ActiveCfg = Debug|Any CPU
		{AD434196-65C1-4176-B6E0-FDA4F497A543}.Debug|Any CPU.Build.0 = Debug|Any CPU
		{AD434196-65C1-4176-B6E0-FDA4F497A543}.Release|Any CPU.ActiveCfg = Release|Any CPU
		{AD434196-65C1-4176-B6E0-FDA4F497A543}.Release|Any CPU.Build.0 = Release|Any CPU
		{DEDCDA40-D20C-474F-BA99-AC5A28301457}.Debug|Any CPU.ActiveCfg = Debug|Any CPU
		{DEDCDA40-D20C-474F-BA99-AC5A28301457}.Debug|Any CPU.Build.0 = Debug|Any CPU
		{DEDCDA40-D20C-474F-BA99-AC5A28301457}.Release|Any CPU.ActiveCfg = Release|Any CPU
		{DEDCDA40-D20C-474F-BA99-AC5A28301457}.Release|Any CPU.Build.0 = Release|Any CPU
		{2489AD8A-0482-4AD6-9D88-59ED14F26848}.Debug|Any CPU.ActiveCfg = Debug|Any CPU
		{2489AD8A-0482-4AD6-9D88-59ED14F26848}.Debug|Any CPU.Build.0 = Debug|Any CPU
		{2489AD8A-0482-4AD6-9D88-59ED14F26848}.Release|Any CPU.ActiveCfg = Release|Any CPU
		{2489AD8A-0482-4AD6-9D88-59ED14F26848}.Release|Any CPU.Build.0 = Release|Any CPU
		{53C77652-F69B-4041-9604-8EC847E0DD39}.Debug|Any CPU.ActiveCfg = Debug|Any CPU
		{53C77652-F69B-4041-9604-8EC847E0DD39}.Debug|Any CPU.Build.0 = Debug|Any CPU
		{53C77652-F69B-4041-9604-8EC847E0DD39}.Release|Any CPU.ActiveCfg = Release|Any CPU
		{53C77652-F69B-4041-9604-8EC847E0DD39}.Release|Any CPU.Build.0 = Release|Any CPU
		{7EFC9352-0C66-434E-B8C2-C869B658F630}.Debug|Any CPU.ActiveCfg = Debug|Any CPU
		{7EFC9352-0C66-434E-B8C2-C869B658F630}.Debug|Any CPU.Build.0 = Debug|Any CPU
		{7EFC9352-0C66-434E-B8C2-C869B658F630}.Release|Any CPU.ActiveCfg = Release|Any CPU
		{7EFC9352-0C66-434E-B8C2-C869B658F630}.Release|Any CPU.Build.0 = Release|Any CPU
		{B87781D0-AA7F-4600-9042-F199C4D44910}.Debug|Any CPU.ActiveCfg = Debug|Any CPU
		{B87781D0-AA7F-4600-9042-F199C4D44910}.Debug|Any CPU.Build.0 = Debug|Any CPU
		{B87781D0-AA7F-4600-9042-F199C4D44910}.Release|Any CPU.ActiveCfg = Release|Any CPU
		{B87781D0-AA7F-4600-9042-F199C4D44910}.Release|Any CPU.Build.0 = Release|Any CPU
		{363BE3D7-405A-4ED3-B588-9792A027558F}.Debug|Any CPU.ActiveCfg = Debug|Any CPU
		{363BE3D7-405A-4ED3-B588-9792A027558F}.Debug|Any CPU.Build.0 = Debug|Any CPU
		{363BE3D7-405A-4ED3-B588-9792A027558F}.Release|Any CPU.ActiveCfg = Release|Any CPU
		{363BE3D7-405A-4ED3-B588-9792A027558F}.Release|Any CPU.Build.0 = Release|Any CPU
		{1610EDA3-0671-4839-B40B-7470D3EC9FB4}.Debug|Any CPU.ActiveCfg = Debug|Any CPU
		{1610EDA3-0671-4839-B40B-7470D3EC9FB4}.Debug|Any CPU.Build.0 = Debug|Any CPU
		{1610EDA3-0671-4839-B40B-7470D3EC9FB4}.Release|Any CPU.ActiveCfg = Release|Any CPU
		{1610EDA3-0671-4839-B40B-7470D3EC9FB4}.Release|Any CPU.Build.0 = Release|Any CPU
		{F6BA3236-DC63-40A8-A6AA-CB8D875169F8}.Debug|Any CPU.ActiveCfg = Debug|Any CPU
		{F6BA3236-DC63-40A8-A6AA-CB8D875169F8}.Debug|Any CPU.Build.0 = Debug|Any CPU
		{F6BA3236-DC63-40A8-A6AA-CB8D875169F8}.Release|Any CPU.ActiveCfg = Release|Any CPU
		{F6BA3236-DC63-40A8-A6AA-CB8D875169F8}.Release|Any CPU.Build.0 = Release|Any CPU
	EndGlobalSection
	GlobalSection(SolutionProperties) = preSolution
		HideSolutionNode = FALSE
	EndGlobalSection
	GlobalSection(NestedProjects) = preSolution
		{6D74A670-6686-4CA3-A533-CA72E24C961F} = {121E631E-96B9-4344-AB9A-BBC5E3B3CA69}
		{5DC3CD98-63C2-4649-98A7-DA40FCA3DBD9} = {121E631E-96B9-4344-AB9A-BBC5E3B3CA69}
		{699BAD0E-4E41-4149-8CFC-559F7409C1E4} = {121E631E-96B9-4344-AB9A-BBC5E3B3CA69}
		{1D6034F1-CD5D-4E2B-AB7B-B33469222DA6} = {A6ED5F47-FA9B-4DE3-B0E3-CC053E1497B6}
		{9FC41377-27B4-4CF7-87B5-90EB1EEA5F78} = {A6ED5F47-FA9B-4DE3-B0E3-CC053E1497B6}
		{9E12966A-7922-4FBB-BBB2-2A6E59368035} = {A6ED5F47-FA9B-4DE3-B0E3-CC053E1497B6}
		{AD434196-65C1-4176-B6E0-FDA4F497A543} = {42FE9C1C-5B1C-4513-9505-0AFB29B8BA05}
		{DEDCDA40-D20C-474F-BA99-AC5A28301457} = {42FE9C1C-5B1C-4513-9505-0AFB29B8BA05}
		{2489AD8A-0482-4AD6-9D88-59ED14F26848} = {42FE9C1C-5B1C-4513-9505-0AFB29B8BA05}
		{53C77652-F69B-4041-9604-8EC847E0DD39} = {010C8B49-8B5C-4A23-9AA1-1D70D23395FF}
		{7EFC9352-0C66-434E-B8C2-C869B658F630} = {010C8B49-8B5C-4A23-9AA1-1D70D23395FF}
		{B87781D0-AA7F-4600-9042-F199C4D44910} = {010C8B49-8B5C-4A23-9AA1-1D70D23395FF}
		{363BE3D7-405A-4ED3-B588-9792A027558F} = {119E22BF-C4E3-4002-AA6C-1D4F702E9ABA}
		{1610EDA3-0671-4839-B40B-7470D3EC9FB4} = {119E22BF-C4E3-4002-AA6C-1D4F702E9ABA}
		{F6BA3236-DC63-40A8-A6AA-CB8D875169F8} = {119E22BF-C4E3-4002-AA6C-1D4F702E9ABA}
	EndGlobalSection
	GlobalSection(ExtensibilityGlobals) = postSolution
		SolutionGuid = {9E7EB19E-27F4-4864-BB41-8AFDF5837993}
	EndGlobalSection
EndGlobal
