
Microsoft Visual Studio Solution File, Format Version 12.00
# Visual Studio Version 16
VisualStudioVersion = 16.0.33927.289
MinimumVisualStudioVersion = 10.0.40219.1
Project("{2150E333-8FDC-42A3-9474-1A3956D46DE8}") = "Task0", "Task0", "{121E631E-96B9-4344-AB9A-BBC5E3B3CA69}"
EndProject
Project("{FAE04EC0-301F-11D3-BF4B-00C04F79EFBC}") = "Tyuiu.SafronovVV.Sprint5.Task0.V22", "Tyuiu.SafronovVV.Sprint5.Task0.V22\Tyuiu.SafronovVV.Sprint5.Task0.V22.csproj", "{6D74A670-6686-4CA3-A533-CA72E24C961F}"
EndProject
Project("{FAE04EC0-301F-11D3-BF4B-00C04F79EFBC}") = "Tyuiu.SafronovVV.Sprint5.Task0.V22.Lib", "Tyuiu.SafronovVV.Sprint5.Task0.V22.Lib\Tyuiu.SafronovVV.Sprint5.Task0.V22.Lib.csproj", "{5DC3CD98-63C2-4649-98A7-DA40FCA3DBD9}"
EndProject
Project("{FAE04EC0-301F-11D3-BF4B-00C04F79EFBC}") = "Tyuiu.SafronovVV.Sprint5.Task0.V22.Test", "Tyuiu.SafronovVV.Sprint5.Task0.V22.Test\Tyuiu.SafronovVV.Sprint5.Task0.V22.Test.csproj", "{699BAD0E-4E41-4149-8CFC-559F7409C1E4}"
EndProject
Project("{2150E333-8FDC-42A3-9474-1A3956D46DE8}") = "Task1", "Task1", "{A6ED5F47-FA9B-4DE3-B0E3-CC053E1497B6}"
EndProject
Project("{FAE04EC0-301F-11D3-BF4B-00C04F79EFBC}") = "Tyuiu.SafronovVV.Sprint5.Task1.V6", "Tyuiu.SafronovVV.Sprint5.Task1.V6\Tyuiu.SafronovVV.Sprint5.Task1.V6.csproj", "{1D6034F1-CD5D-4E2B-AB7B-B33469222DA6}"
EndProject
Project("{FAE04EC0-301F-11D3-BF4B-00C04F79EFBC}") = "Tyuiu.SafronovVV.Sprint5.Task1.V6.Lib", "Tyuiu.SafronovVV.Sprint5.Task1.V6.Lib\Tyuiu.SafronovVV.Sprint5.Task1.V6.Lib.csproj", "{9FC41377-27B4-4CF7-87B5-90EB1EEA5F78}"
EndProject
Project("{FAE04EC0-301F-11D3-BF4B-00C04F79EFBC}") = "Tyuiu.SafronovVV.Sprint5.Task1.V6.Test", "Tyuiu.SafronovVV.Sprint5.Task1.V6.Test\Tyuiu.SafronovVV.Sprint5.Task1.V6.Test.csproj", "{9E12966A-7922-4FBB-BBB2-2A6E59368035}"
EndProject
Global
	GlobalSection(SolutionConfigurationPlatforms) = preSolution
		Debug|Any CPU = Debug|Any CPU
		Release|Any CPU = Release|Any CPU
	EndGlobalSection
	GlobalSection(ProjectConfigurationPlatforms) = postSolution
		{6D74A670-6686-4CA3-A533-CA72E24C961F}.Debug|Any CPU.ActiveCfg = Debug|Any CPU
		{6D74A670-6686-4CA3-A533-CA72E24C961F}.Debug|Any CPU.Build.0 = Debug|Any CPU
		{6D74A670-6686-4CA3-A533-CA72E24C961F}.Release|Any CPU.ActiveCfg = Release|Any CPU
		{6D74A670-6686-4CA3-A533-CA72E24C961F}.Release|Any CPU.Build.0 = Release|Any CPU
		{5DC3CD98-63C2-4649-98A7-DA40FCA3DBD9}.Debug|Any CPU.ActiveCfg = Debug|Any CPU
		{5DC3CD98-63C2-4649-98A7-DA40FCA3DBD9}.Debug|Any CPU.Build.0 = Debug|Any CPU
		{5DC3CD98-63C2-4649-98A7-DA40FCA3DBD9}.Release|Any CPU.ActiveCfg = Release|Any CPU
		{5DC3CD98-63C2-4649-98A7-DA40FCA3DBD9}.Release|Any CPU.Build.0 = Release|Any CPU
		{699BAD0E-4E41-4149-8CFC-559F7409C1E4}.Debug|Any CPU.ActiveCfg = Debug|Any CPU
		{699BAD0E-4E41-4149-8CFC-559F7409C1E4}.Debug|Any CPU.Build.0 = Debug|Any CPU
		{699BAD0E-4E41-4149-8CFC-559F7409C1E4}.Release|Any CPU.ActiveCfg = Release|Any CPU
		{699BAD0E-4E41-4149-8CFC-559F7409C1E4}.Release|Any CPU.Build.0 = Release|Any CPU
		{1D6034F1-CD5D-4E2B-AB7B-B33469222DA6}.Debug|Any CPU.ActiveCfg = Debug|Any CPU
		{1D6034F1-CD5D-4E2B-AB7B-B33469222DA6}.Debug|Any CPU.Build.0 = Debug|Any CPU
		{1D6034F1-CD5D-4E2B-AB7B-B33469222DA6}.Release|Any CPU.ActiveCfg = Release|Any CPU
		{1D6034F1-CD5D-4E2B-AB7B-B33469222DA6}.Release|Any CPU.Build.0 = Release|Any CPU
		{9FC41377-27B4-4CF7-87B5-90EB1EEA5F78}.Debug|Any CPU.ActiveCfg = Debug|Any CPU
		{9FC41377-27B4-4CF7-87B5-90EB1EEA5F78}.Debug|Any CPU.Build.0 = Debug|Any CPU
		{9FC41377-27B4-4CF7-87B5-90EB1EEA5F78}.Release|Any CPU.ActiveCfg = Release|Any CPU
		{9FC41377-27B4-4CF7-87B5-90EB1EEA5F78}.Release|Any CPU.Build.0 = Release|Any CPU
		{9E12966A-7922-4FBB-BBB2-2A6E59368035}.Debug|Any CPU.ActiveCfg = Debug|Any CPU
		{9E12966A-7922-4FBB-BBB2-2A6E59368035}.Debug|Any CPU.Build.0 = Debug|Any CPU
		{9E12966A-7922-4FBB-BBB2-2A6E59368035}.Release|Any CPU.ActiveCfg = Release|Any CPU
		{9E12966A-7922-4FBB-BBB2-2A6E59368035}.Release|Any CPU.Build.0 = Release|Any CPU
	EndGlobalSection
	GlobalSection(SolutionProperties) = preSolution
		HideSolutionNode = FALSE
	EndGlobalSection
	GlobalSection(NestedProjects) = preSolution
		{6D74A670-6686-4CA3-A533-CA72E24C961F} = {121E631E-96B9-4344-AB9A-BBC5E3B3CA69}
		{5DC3CD98-63C2-4649-98A7-DA40FCA3DBD9} = {121E631E-96B9-4344-AB9A-BBC5E3B3CA69}
		{699BAD0E-4E41-4149-8CFC-559F7409C1E4} = {121E631E-96B9-4344-AB9A-BBC5E3B3CA69}
		{1D6034F1-CD5D-4E2B-AB7B-B33469222DA6} = {A6ED5F47-FA9B-4DE3-B0E3-CC053E1497B6}
		{9FC41377-27B4-4CF7-87B5-90EB1EEA5F78} = {A6ED5F47-FA9B-4DE3-B0E3-CC053E1497B6}
		{9E12966A-7922-4FBB-BBB2-2A6E59368035} = {A6ED5F47-FA9B-4DE3-B0E3-CC053E1497B6}
	EndGlobalSection
	GlobalSection(ExtensibilityGlobals) = postSolution
		SolutionGuid = {9E7EB19E-27F4-4864-BB41-8AFDF5837993}
	EndGlobalSection
EndGlobal
