
Microsoft Visual Studio Solution File, Format Version 12.00
# Visual Studio Version 16
VisualStudioVersion = 16.0.33927.289
MinimumVisualStudioVersion = 10.0.40219.1
Project("{2150E333-8FDC-42A3-9474-1A3956D46DE8}") = "Task0", "Task0", "{121E631E-96B9-4344-AB9A-BBC5E3B3CA69}"
EndProject
Project("{FAE04EC0-301F-11D3-BF4B-00C04F79EFBC}") = "Tyuiu.SafronovVV.Sprint5.Task0.V22", "Tyuiu.SafronovVV.Sprint5.Task0.V22\Tyuiu.SafronovVV.Sprint5.Task0.V22.csproj", "{6D74A670-6686-4CA3-A533-CA72E24C961F}"
EndProject
Project("{FAE04EC0-301F-11D3-BF4B-00C04F79EFBC}") = "Tyuiu.SafronovVV.Sprint5.Task0.V22.Lib", "Tyuiu.SafronovVV.Sprint5.Task0.V22.Lib\Tyuiu.SafronovVV.Sprint5.Task0.V22.Lib.csproj", "{5DC3CD98-63C2-4649-98A7-DA40FCA3DBD9}"
EndProject
Project("{FAE04EC0-301F-11D3-BF4B-00C04F79EFBC}") = "Tyuiu.SafronovVV.Sprint5.Task0.V22.Test", "Tyuiu.SafronovVV.Sprint5.Task0.V22.Test\Tyuiu.SafronovVV.Sprint5.Task0.V22.Test.csproj", "{699BAD0E-4E41-4149-8CFC-559F7409C1E4}"
EndProject
Project("{2150E333-8FDC-42A3-9474-1A3956D46DE8}") = "Task1", "Task1", "{A6ED5F47-FA9B-4DE3-B0E3-CC053E1497B6}"
EndProject
Project("{FAE04EC0-301F-11D3-BF4B-00C04F79EFBC}") = "Tyuiu.SafronovVV.Sprint5.Task1.V6", "Tyuiu.SafronovVV.Sprint5.Task1.V6\Tyuiu.SafronovVV.Sprint5.Task1.V6.csproj", "{1D6034F1-CD5D-4E2B-AB7B-B33469222DA6}"
EndProject
Project("{FAE04EC0-301F-11D3-BF4B-00C04F79EFBC}") = "Tyuiu.SafronovVV.Sprint5.Task1.V6.Lib", "Tyuiu.SafronovVV.Sprint5.Task1.V6.Lib\Tyuiu.SafronovVV.Sprint5.Task1.V6.Lib.csproj", "{9FC41377-27B4-4CF7-87B5-90EB1EEA5F78}"
EndProject
Project("{FAE04EC0-301F-11D3-BF4B-00C04F79EFBC}") = "Tyuiu.SafronovVV.Sprint5.Task1.V6.Test", "Tyuiu.SafronovVV.Sprint5.Task1.V6.Test\Tyuiu.SafronovVV.Sprint5.Task1.V6.Test.csproj", "{9E12966A-7922-4FBB-BBB2-2A6E59368035}"
EndProject
Project("{2150E333-8FDC-42A3-9474-1A3956D46DE8}") = "Task2", "Task2", "{42FE9C1C-5B1C-4513-9505-0AFB29B8BA05}"
EndProject
Project("{FAE04EC0-301F-11D3-BF4B-00C04F79EFBC}") = "Tyuiu.SafronovVV.Sprint5.Task2.V12", "Tyuiu.SafronovVV.Sprint5.Task2.V12\Tyuiu.SafronovVV.Sprint5.Task2.V12.csproj", "{AD434196-65C1-4176-B6E0-FDA4F497A543}"
EndProject
Project("{FAE04EC0-301F-11D3-BF4B-00C04F79EFBC}") = "Tyuiu.SafronovVV.Sprint5.Task2.V12.Lib", "Tyuiu.SafronovVV.Sprint5.Task2.V12.Lib\Tyuiu.SafronovVV.Sprint5.Task2.V12.Lib.csproj", "{DEDCDA40-D20C-474F-BA99-AC5A28301457}"
EndProject
Project("{FAE04EC0-301F-11D3-BF4B-00C04F79EFBC}") = "Tyuiu.SafronovVV.Sprint5.Task2.V12.Test", "Tyuiu.SafronovVV.Sprint5.Task2.V12.Test\Tyuiu.SafronovVV.Sprint5.Task2.V12.Test.csproj", "{2489AD8A-0482-4AD6-9D88-59ED14F26848}"
EndProject
Project("{2150E333-8FDC-42A3-9474-1A3956D46DE8}") = "Task3", "Task3", "{010C8B49-8B5C-4A23-9AA1-1D70D23395FF}"
EndProject
Project("{FAE04EC0-301F-11D3-BF4B-00C04F79EFBC}") = "Tyuiu.SafronovVV.Sprint5.Task3.V23", "Tyuiu.SafronovVV.Sprint5.Task3.V23\Tyuiu.SafronovVV.Sprint5.Task3.V23.csproj", "{53C77652-F69B-4041-9604-8EC847E0DD39}"
EndProject
Project("{FAE04EC0-301F-11D3-BF4B-00C04F79EFBC}") = "Tyuiu.SafronovVV.Sprint5.Task3.V23.Lib", "Tyuiu.SafronovVV.Sprint5.Task3.V23.Lib\Tyuiu.SafronovVV.Sprint5.Task3.V23.Lib.csproj", "{7EFC9352-0C66-434E-B8C2-C869B658F630}"
EndProject
Project("{FAE04EC0-301F-11D3-BF4B-00C04F79EFBC}") = "Tyuiu.SafronovVV.Sprint5.Task3.V23.Test", "Tyuiu.SafronovVV.Sprint5.Task3.V23.Test\Tyuiu.SafronovVV.Sprint5.Task3.V23.Test.csproj", "{B87781D0-AA7F-4600-9042-F199C4D44910}"
EndProject
Project("{2150E333-8FDC-42A3-9474-1A3956D46DE8}") = "Task4", "Task4", "{119E22BF-C4E3-4002-AA6C-1D4F702E9ABA}"
EndProject
Project("{FAE04EC0-301F-11D3-BF4B-00C04F79EFBC}") = "Tyuiu.SafronovVV.Sprint5.Task4.V8", "Tyuiu.SafronovVV.Sprint5.Task4.V8\Tyuiu.SafronovVV.Sprint5.Task4.V8.csproj", "{363BE3D7-405A-4ED3-B588-9792A027558F}"
EndProject
Project("{FAE04EC0-301F-11D3-BF4B-00C04F79EFBC}") = "Tyuiu.SafronovVV.Sprint5.Task4.V8.Test", "Tyuiu.SafronovVV.Sprint5.Task4.V8.Test\Tyuiu.SafronovVV.Sprint5.Task4.V8.Test.csproj", "{1610EDA3-0671-4839-B40B-7470D3EC9FB4}"
EndProject
Project("{FAE04EC0-301F-11D3-BF4B-00C04F79EFBC}") = "Tyuiu.SafronovVV.Sprint5.Task4.V8.Lib", "Tyuiu.SafronovVV.Sprint5.Task4.V8.Lib\Tyuiu.SafronovVV.Sprint5.Task4.V8.Lib.csproj", "{F6BA3236-DC63-40A8-A6AA-CB8D875169F8}"
EndProject
Project("{2150E333-8FDC-42A3-9474-1A3956D46DE8}") = "Task5", "Task5", "{B72CF9E2-1926-42B8-B7AA-6B985F1B584A}"
EndProject
Project("{FAE04EC0-301F-11D3-BF4B-00C04F79EFBC}") = "Tyuiu.SafronovVV.Sprint5.Task5.V20", "Tyuiu.SafronovVV.Sprint5.Task5.V20\Tyuiu.SafronovVV.Sprint5.Task5.V20.csproj", "{45AB2B0E-748C-490F-A6E1-5620BDF9D761}"
EndProject
Project("{FAE04EC0-301F-11D3-BF4B-00C04F79EFBC}") = "Tyuiu.SafronovVV.Sprint5.Task5.V20.Lib", "Tyuiu.SafronovVV.Sprint5.Task5.V20.Lib\Tyuiu.SafronovVV.Sprint5.Task5.V20.Lib.csproj", "{0F45A344-6970-45B1-A15F-014F97E1E3AB}"
EndProject
Project("{FAE04EC0-301F-11D3-BF4B-00C04F79EFBC}") = "Tyuiu.SafronovVV.Sprint5.Task5.V20.Test", "Tyuiu.SafronovVV.Sprint5.Task5.V20.Test\Tyuiu.SafronovVV.Sprint5.Task5.V20.Test.csproj", "{E66FE18C-F81F-4549-86E2-9EA82FE04283}"
EndProject
Project("{2150E333-8FDC-42A3-9474-1A3956D46DE8}") = "Task6", "Task6", "{09405F3B-255C-47D4-A481-BA57BB6E5F70}"
EndProject
Project("{FAE04EC0-301F-11D3-BF4B-00C04F79EFBC}") = "Tyuiu.SafronovVV.Sprint5.Task6.V5", "Tyuiu.SafronovVV.Sprint5.Task6.V5\Tyuiu.SafronovVV.Sprint5.Task6.V5.csproj", "{7C9504DE-4FA0-4588-9237-AA0CE2C64CF0}"
EndProject
Project("{FAE04EC0-301F-11D3-BF4B-00C04F79EFBC}") = "Tyuiu.SafronovVV.Sprint5.Task6.V5.Lib", "Tyuiu.SafronovVV.Sprint5.Task6.V5.Lib\Tyuiu.SafronovVV.Sprint5.Task6.V5.Lib.csproj", "{79050BF4-43D6-4FAF-9191-AF26B69F8EE6}"
EndProject
Project("{FAE04EC0-301F-11D3-BF4B-00C04F79EFBC}") = "Tyuiu.SafronovVV.Sprint5.Task6.V5.Test", "Tyuiu.SafronovVV.Sprint5.Task6.V5.Test\Tyuiu.SafronovVV.Sprint5.Task6.V5.Test.csproj", "{57D85A75-624B-4272-8791-0C5F80051F07}"
EndProject
Project("{2150E333-8FDC-42A3-9474-1A3956D46DE8}") = "Task7", "Task7", "{CDB61D5B-9692-46B9-8473-6B8ED7D2A7EA}"
EndProject
Project("{FAE04EC0-301F-11D3-BF4B-00C04F79EFBC}") = "Tyuiu.SafronovVV.Sprint5.Task7.V21", "Tyuiu.SafronovVV.Sprint5.Task7.V21\Tyuiu.SafronovVV.Sprint5.Task7.V21.csproj", "{3AAD2A0F-F3D2-4008-99A4-469F06AFE9DA}"
EndProject
Project("{FAE04EC0-301F-11D3-BF4B-00C04F79EFBC}") = "Tyuiu.SafronovVV.Sprint5.Task7.V21.Lib", "Tyuiu.SafronovVV.Sprint5.Task7.V21.Lib\Tyuiu.SafronovVV.Sprint5.Task7.V21.Lib.csproj", "{B2ADAB47-6604-49E4-A56A-03E22F38EE8E}"
EndProject
Project("{FAE04EC0-301F-11D3-BF4B-00C04F79EFBC}") = "Tyuiu.SafronovVV.Sprint5.Task7.V21.Test", "Tyuiu.SafronovVV.Sprint5.Task7.V21.Test\Tyuiu.SafronovVV.Sprint5.Task7.V21.Test.csproj", "{1BB0D45F-73B9-49DD-8BFD-A3F234669F48}"
EndProject
Global
	GlobalSection(SolutionConfigurationPlatforms) = preSolution
		Debug|Any CPU = Debug|Any CPU
		Release|Any CPU = Release|Any CPU
	EndGlobalSection
	GlobalSection(ProjectConfigurationPlatforms) = postSolution
		{6D74A670-6686-4CA3-A533-CA72E24C961F}.Debug|Any CPU.ActiveCfg = Debug|Any CPU
		{6D74A670-6686-4CA3-A533-CA72E24C961F}.Debug|Any CPU.Build.0 = Debug|Any CPU
		{6D74A670-6686-4CA3-A533-CA72E24C961F}.Release|Any CPU.ActiveCfg = Release|Any CPU
		{6D74A670-6686-4CA3-A533-CA72E24C961F}.Release|Any CPU.Build.0 = Release|Any CPU
		{5DC3CD98-63C2-4649-98A7-DA40FCA3DBD9}.Debug|Any CPU.ActiveCfg = Debug|Any CPU
		{5DC3CD98-63C2-4649-98A7-DA40FCA3DBD9}.Debug|Any CPU.Build.0 = Debug|Any CPU
		{5DC3CD98-63C2-4649-98A7-DA40FCA3DBD9}.Release|Any CPU.ActiveCfg = Release|Any CPU
		{5DC3CD98-63C2-4649-98A7-DA40FCA3DBD9}.Release|Any CPU.Build.0 = Release|Any CPU
		{699BAD0E-4E41-4149-8CFC-559F7409C1E4}.Debug|Any CPU.ActiveCfg = Debug|Any CPU
		{699BAD0E-4E41-4149-8CFC-559F7409C1E4}.Debug|Any CPU.Build.0 = Debug|Any CPU
		{699BAD0E-4E41-4149-8CFC-559F7409C1E4}.Release|Any CPU.ActiveCfg = Release|Any CPU
		{699BAD0E-4E41-4149-8CFC-559F7409C1E4}.Release|Any CPU.Build.0 = Release|Any CPU
		{1D6034F1-CD5D-4E2B-AB7B-B33469222DA6}.Debug|Any CPU.ActiveCfg = Debug|Any CPU
		{1D6034F1-CD5D-4E2B-AB7B-B33469222DA6}.Debug|Any CPU.Build.0 = Debug|Any CPU
		{1D6034F1-CD5D-4E2B-AB7B-B33469222DA6}.Release|Any CPU.ActiveCfg = Release|Any CPU
		{1D6034F1-CD5D-4E2B-AB7B-B33469222DA6}.Release|Any CPU.Build.0 = Release|Any CPU
		{9FC41377-27B4-4CF7-87B5-90EB1EEA5F78}.Debug|Any CPU.ActiveCfg = Debug|Any CPU
		{9FC41377-27B4-4CF7-87B5-90EB1EEA5F78}.Debug|Any CPU.Build.0 = Debug|Any CPU
		{9FC41377-27B4-4CF7-87B5-90EB1EEA5F78}.Release|Any CPU.ActiveCfg = Release|Any CPU
		{9FC41377-27B4-4CF7-87B5-90EB1EEA5F78}.Release|Any CPU.Build.0 = Release|Any CPU
		{9E12966A-7922-4FBB-BBB2-2A6E59368035}.Debug|Any CPU.ActiveCfg = Debug|Any CPU
		{9E12966A-7922-4FBB-BBB2-2A6E59368035}.Debug|Any CPU.Build.0 = Debug|Any CPU
		{9E12966A-7922-4FBB-BBB2-2A6E59368035}.Release|Any CPU.ActiveCfg = Release|Any CPU
		{9E12966A-7922-4FBB-BBB2-2A6E59368035}.Release|Any CPU.Build.0 = Release|Any CPU
		{AD434196-65C1-4176-B6E0-FDA4F497A543}.Debug|Any CPU.ActiveCfg = Debug|Any CPU
		{AD434196-65C1-4176-B6E0-FDA4F497A543}.Debug|Any CPU.Build.0 = Debug|Any CPU
		{AD434196-65C1-4176-B6E0-FDA4F497A543}.Release|Any CPU.ActiveCfg = Release|Any CPU
		{AD434196-65C1-4176-B6E0-FDA4F497A543}.Release|Any CPU.Build.0 = Release|Any CPU
		{DEDCDA40-D20C-474F-BA99-AC5A28301457}.Debug|Any CPU.ActiveCfg = Debug|Any CPU
		{DEDCDA40-D20C-474F-BA99-AC5A28301457}.Debug|Any CPU.Build.0 = Debug|Any CPU
		{DEDCDA40-D20C-474F-BA99-AC5A28301457}.Release|Any CPU.ActiveCfg = Release|Any CPU
		{DEDCDA40-D20C-474F-BA99-AC5A28301457}.Release|Any CPU.Build.0 = Release|Any CPU
		{2489AD8A-0482-4AD6-9D88-59ED14F26848}.Debug|Any CPU.ActiveCfg = Debug|Any CPU
		{2489AD8A-0482-4AD6-9D88-59ED14F26848}.Debug|Any CPU.Build.0 = Debug|Any CPU
		{2489AD8A-0482-4AD6-9D88-59ED14F26848}.Release|Any CPU.ActiveCfg = Release|Any CPU
		{2489AD8A-0482-4AD6-9D88-59ED14F26848}.Release|Any CPU.Build.0 = Release|Any CPU
		{53C77652-F69B-4041-9604-8EC847E0DD39}.Debug|Any CPU.ActiveCfg = Debug|Any CPU
		{53C77652-F69B-4041-9604-8EC847E0DD39}.Debug|Any CPU.Build.0 = Debug|Any CPU
		{53C77652-F69B-4041-9604-8EC847E0DD39}.Release|Any CPU.ActiveCfg = Release|Any CPU
		{53C77652-F69B-4041-9604-8EC847E0DD39}.Release|Any CPU.Build.0 = Release|Any CPU
		{7EFC9352-0C66-434E-B8C2-C869B658F630}.Debug|Any CPU.ActiveCfg = Debug|Any CPU
		{7EFC9352-0C66-434E-B8C2-C869B658F630}.Debug|Any CPU.Build.0 = Debug|Any CPU
		{7EFC9352-0C66-434E-B8C2-C869B658F630}.Release|Any CPU.ActiveCfg = Release|Any CPU
		{7EFC9352-0C66-434E-B8C2-C869B658F630}.Release|Any CPU.Build.0 = Release|Any CPU
		{B87781D0-AA7F-4600-9042-F199C4D44910}.Debug|Any CPU.ActiveCfg = Debug|Any CPU
		{B87781D0-AA7F-4600-9042-F199C4D44910}.Debug|Any CPU.Build.0 = Debug|Any CPU
		{B87781D0-AA7F-4600-9042-F199C4D44910}.Release|Any CPU.ActiveCfg = Release|Any CPU
		{B87781D0-AA7F-4600-9042-F199C4D44910}.Release|Any CPU.Build.0 = Release|Any CPU
		{363BE3D7-405A-4ED3-B588-9792A027558F}.Debug|Any CPU.ActiveCfg = Debug|Any CPU
		{363BE3D7-405A-4ED3-B588-9792A027558F}.Debug|Any CPU.Build.0 = Debug|Any CPU
		{363BE3D7-405A-4ED3-B588-9792A027558F}.Release|Any CPU.ActiveCfg = Release|Any CPU
		{363BE3D7-405A-4ED3-B588-9792A027558F}.Release|Any CPU.Build.0 = Release|Any CPU
		{1610EDA3-0671-4839-B40B-7470D3EC9FB4}.Debug|Any CPU.ActiveCfg = Debug|Any CPU
		{1610EDA3-0671-4839-B40B-7470D3EC9FB4}.Debug|Any CPU.Build.0 = Debug|Any CPU
		{1610EDA3-0671-4839-B40B-7470D3EC9FB4}.Release|Any CPU.ActiveCfg = Release|Any CPU
		{1610EDA3-0671-4839-B40B-7470D3EC9FB4}.Release|Any CPU.Build.0 = Release|Any CPU
		{F6BA3236-DC63-40A8-A6AA-CB8D875169F8}.Debug|Any CPU.ActiveCfg = Debug|Any CPU
		{F6BA3236-DC63-40A8-A6AA-CB8D875169F8}.Debug|Any CPU.Build.0 = Debug|Any CPU
		{F6BA3236-DC63-40A8-A6AA-CB8D875169F8}.Release|Any CPU.ActiveCfg = Release|Any CPU
		{F6BA3236-DC63-40A8-A6AA-CB8D875169F8}.Release|Any CPU.Build.0 = Release|Any CPU
		{45AB2B0E-748C-490F-A6E1-5620BDF9D761}.Debug|Any CPU.ActiveCfg = Debug|Any CPU
		{45AB2B0E-748C-490F-A6E1-5620BDF9D761}.Debug|Any CPU.Build.0 = Debug|Any CPU
		{45AB2B0E-748C-490F-A6E1-5620BDF9D761}.Release|Any CPU.ActiveCfg = Release|Any CPU
		{45AB2B0E-748C-490F-A6E1-5620BDF9D761}.Release|Any CPU.Build.0 = Release|Any CPU
		{0F45A344-6970-45B1-A15F-014F97E1E3AB}.Debug|Any CPU.ActiveCfg = Debug|Any CPU
		{0F45A344-6970-45B1-A15F-014F97E1E3AB}.Debug|Any CPU.Build.0 = Debug|Any CPU
		{0F45A344-6970-45B1-A15F-014F97E1E3AB}.Release|Any CPU.ActiveCfg = Release|Any CPU
		{0F45A344-6970-45B1-A15F-014F97E1E3AB}.Release|Any CPU.Build.0 = Release|Any CPU
		{E66FE18C-F81F-4549-86E2-9EA82FE04283}.Debug|Any CPU.ActiveCfg = Debug|Any CPU
		{E66FE18C-F81F-4549-86E2-9EA82FE04283}.Debug|Any CPU.Build.0 = Debug|Any CPU
		{E66FE18C-F81F-4549-86E2-9EA82FE04283}.Release|Any CPU.ActiveCfg = Release|Any CPU
		{E66FE18C-F81F-4549-86E2-9EA82FE04283}.Release|Any CPU.Build.0 = Release|Any CPU
		{7C9504DE-4FA0-4588-9237-AA0CE2C64CF0}.Debug|Any CPU.ActiveCfg = Debug|Any CPU
		{7C9504DE-4FA0-4588-9237-AA0CE2C64CF0}.Debug|Any CPU.Build.0 = Debug|Any CPU
		{7C9504DE-4FA0-4588-9237-AA0CE2C64CF0}.Release|Any CPU.ActiveCfg = Release|Any CPU
		{7C9504DE-4FA0-4588-9237-AA0CE2C64CF0}.Release|Any CPU.Build.0 = Release|Any CPU
		{79050BF4-43D6-4FAF-9191-AF26B69F8EE6}.Debug|Any CPU.ActiveCfg = Debug|Any CPU
		{79050BF4-43D6-4FAF-9191-AF26B69F8EE6}.Debug|Any CPU.Build.0 = Debug|Any CPU
		{79050BF4-43D6-4FAF-9191-AF26B69F8EE6}.Release|Any CPU.ActiveCfg = Release|Any CPU
		{79050BF4-43D6-4FAF-9191-AF26B69F8EE6}.Release|Any CPU.Build.0 = Release|Any CPU
		{57D85A75-624B-4272-8791-0C5F80051F07}.Debug|Any CPU.ActiveCfg = Debug|Any CPU
		{57D85A75-624B-4272-8791-0C5F80051F07}.Debug|Any CPU.Build.0 = Debug|Any CPU
		{57D85A75-624B-4272-8791-0C5F80051F07}.Release|Any CPU.ActiveCfg = Release|Any CPU
		{57D85A75-624B-4272-8791-0C5F80051F07}.Release|Any CPU.Build.0 = Release|Any CPU
		{3AAD2A0F-F3D2-4008-99A4-469F06AFE9DA}.Debug|Any CPU.ActiveCfg = Debug|Any CPU
		{3AAD2A0F-F3D2-4008-99A4-469F06AFE9DA}.Debug|Any CPU.Build.0 = Debug|Any CPU
		{3AAD2A0F-F3D2-4008-99A4-469F06AFE9DA}.Release|Any CPU.ActiveCfg = Release|Any CPU
		{3AAD2A0F-F3D2-4008-99A4-469F06AFE9DA}.Release|Any CPU.Build.0 = Release|Any CPU
		{B2ADAB47-6604-49E4-A56A-03E22F38EE8E}.Debug|Any CPU.ActiveCfg = Debug|Any CPU
		{B2ADAB47-6604-49E4-A56A-03E22F38EE8E}.Debug|Any CPU.Build.0 = Debug|Any CPU
		{B2ADAB47-6604-49E4-A56A-03E22F38EE8E}.Release|Any CPU.ActiveCfg = Release|Any CPU
		{B2ADAB47-6604-49E4-A56A-03E22F38EE8E}.Release|Any CPU.Build.0 = Release|Any CPU
		{1BB0D45F-73B9-49DD-8BFD-A3F234669F48}.Debug|Any CPU.ActiveCfg = Debug|Any CPU
		{1BB0D45F-73B9-49DD-8BFD-A3F234669F48}.Debug|Any CPU.Build.0 = Debug|Any CPU
		{1BB0D45F-73B9-49DD-8BFD-A3F234669F48}.Release|Any CPU.ActiveCfg = Release|Any CPU
		{1BB0D45F-73B9-49DD-8BFD-A3F234669F48}.Release|Any CPU.Build.0 = Release|Any CPU
	EndGlobalSection
	GlobalSection(SolutionProperties) = preSolution
		HideSolutionNode = FALSE
	EndGlobalSection
	GlobalSection(NestedProjects) = preSolution
		{6D74A670-6686-4CA3-A533-CA72E24C961F} = {121E631E-96B9-4344-AB9A-BBC5E3B3CA69}
		{5DC3CD98-63C2-4649-98A7-DA40FCA3DBD9} = {121E631E-96B9-4344-AB9A-BBC5E3B3CA69}
		{699BAD0E-4E41-4149-8CFC-559F7409C1E4} = {121E631E-96B9-4344-AB9A-BBC5E3B3CA69}
		{1D6034F1-CD5D-4E2B-AB7B-B33469222DA6} = {A6ED5F47-FA9B-4DE3-B0E3-CC053E1497B6}
		{9FC41377-27B4-4CF7-87B5-90EB1EEA5F78} = {A6ED5F47-FA9B-4DE3-B0E3-CC053E1497B6}
		{9E12966A-7922-4FBB-BBB2-2A6E59368035} = {A6ED5F47-FA9B-4DE3-B0E3-CC053E1497B6}
		{AD434196-65C1-4176-B6E0-FDA4F497A543} = {42FE9C1C-5B1C-4513-9505-0AFB29B8BA05}
		{DEDCDA40-D20C-474F-BA99-AC5A28301457} = {42FE9C1C-5B1C-4513-9505-0AFB29B8BA05}
		{2489AD8A-0482-4AD6-9D88-59ED14F26848} = {42FE9C1C-5B1C-4513-9505-0AFB29B8BA05}
		{53C77652-F69B-4041-9604-8EC847E0DD39} = {010C8B49-8B5C-4A23-9AA1-1D70D23395FF}
		{7EFC9352-0C66-434E-B8C2-C869B658F630} = {010C8B49-8B5C-4A23-9AA1-1D70D23395FF}
		{B87781D0-AA7F-4600-9042-F199C4D44910} = {010C8B49-8B5C-4A23-9AA1-1D70D23395FF}
		{363BE3D7-405A-4ED3-B588-9792A027558F} = {119E22BF-C4E3-4002-AA6C-1D4F702E9ABA}
		{1610EDA3-0671-4839-B40B-7470D3EC9FB4} = {119E22BF-C4E3-4002-AA6C-1D4F702E9ABA}
		{F6BA3236-DC63-40A8-A6AA-CB8D875169F8} = {119E22BF-C4E3-4002-AA6C-1D4F702E9ABA}
		{45AB2B0E-748C-490F-A6E1-5620BDF9D761} = {B72CF9E2-1926-42B8-B7AA-6B985F1B584A}
		{0F45A344-6970-45B1-A15F-014F97E1E3AB} = {B72CF9E2-1926-42B8-B7AA-6B985F1B584A}
		{E66FE18C-F81F-4549-86E2-9EA82FE04283} = {B72CF9E2-1926-42B8-B7AA-6B985F1B584A}
		{7C9504DE-4FA0-4588-9237-AA0CE2C64CF0} = {09405F3B-255C-47D4-A481-BA57BB6E5F70}
		{79050BF4-43D6-4FAF-9191-AF26B69F8EE6} = {09405F3B-255C-47D4-A481-BA57BB6E5F70}
		{57D85A75-624B-4272-8791-0C5F80051F07} = {09405F3B-255C-47D4-A481-BA57BB6E5F70}
		{3AAD2A0F-F3D2-4008-99A4-469F06AFE9DA} = {CDB61D5B-9692-46B9-8473-6B8ED7D2A7EA}
		{B2ADAB47-6604-49E4-A56A-03E22F38EE8E} = {CDB61D5B-9692-46B9-8473-6B8ED7D2A7EA}
		{1BB0D45F-73B9-49DD-8BFD-A3F234669F48} = {CDB61D5B-9692-46B9-8473-6B8ED7D2A7EA}
	EndGlobalSection
	GlobalSection(ExtensibilityGlobals) = postSolution
		SolutionGuid = {9E7EB19E-27F4-4864-BB41-8AFDF5837993}
	EndGlobalSection
EndGlobal
